// !$*UTF8*$!
{
	archiveVersion = 1;
	classes = {
	};
	objectVersion = 50;
	objects = {

/* Begin PBXBuildFile section */
		DDB1593E244DD95700335E00 /* AppDelegate.swift in Sources */ = {isa = PBXBuildFile; fileRef = DDB1593D244DD95700335E00 /* AppDelegate.swift */; };
		DDB15940244DD95700335E00 /* SceneDelegate.swift in Sources */ = {isa = PBXBuildFile; fileRef = DDB1593F244DD95700335E00 /* SceneDelegate.swift */; };
		DDB15942244DD95700335E00 /* ViewController.swift in Sources */ = {isa = PBXBuildFile; fileRef = DDB15941244DD95700335E00 /* ViewController.swift */; };
		DDB15945244DD95700335E00 /* Main.storyboard in Resources */ = {isa = PBXBuildFile; fileRef = DDB15943244DD95700335E00 /* Main.storyboard */; };
		DDB15947244DD95800335E00 /* Assets.xcassets in Resources */ = {isa = PBXBuildFile; fileRef = DDB15946244DD95800335E00 /* Assets.xcassets */; };
		DDB1594A244DD95800335E00 /* LaunchScreen.storyboard in Resources */ = {isa = PBXBuildFile; fileRef = DDB15948244DD95800335E00 /* LaunchScreen.storyboard */; };
		DDB15957244DE00E00335E00 /* waltograph42.ttf in Resources */ = {isa = PBXBuildFile; fileRef = DDB15956244DE00E00335E00 /* waltograph42.ttf */; };
/* End PBXBuildFile section */

/* Begin PBXFileReference section */
		DDB1593A244DD95700335E00 /* disneyApp.app */ = {isa = PBXFileReference; explicitFileType = wrapper.application; includeInIndex = 0; path = disneyApp.app; sourceTree = BUILT_PRODUCTS_DIR; };
		DDB1593D244DD95700335E00 /* AppDelegate.swift */ = {isa = PBXFileReference; lastKnownFileType = sourcecode.swift; path = AppDelegate.swift; sourceTree = "<group>"; };
		DDB1593F244DD95700335E00 /* SceneDelegate.swift */ = {isa = PBXFileReference; lastKnownFileType = sourcecode.swift; path = SceneDelegate.swift; sourceTree = "<group>"; };
		DDB15941244DD95700335E00 /* ViewController.swift */ = {isa = PBXFileReference; lastKnownFileType = sourcecode.swift; path = ViewController.swift; sourceTree = "<group>"; };
		DDB15944244DD95700335E00 /* Base */ = {isa = PBXFileReference; lastKnownFileType = file.storyboard; name = Base; path = Base.lproj/Main.storyboard; sourceTree = "<group>"; };
		DDB15946244DD95800335E00 /* Assets.xcassets */ = {isa = PBXFileReference; lastKnownFileType = folder.assetcatalog; path = Assets.xcassets; sourceTree = "<group>"; };
		DDB15949244DD95800335E00 /* Base */ = {isa = PBXFileReference; lastKnownFileType = file.storyboard; name = Base; path = Base.lproj/LaunchScreen.storyboard; sourceTree = "<group>"; };
		DDB1594B244DD95800335E00 /* Info.plist */ = {isa = PBXFileReference; lastKnownFileType = text.plist.xml; path = Info.plist; sourceTree = "<group>"; };
		DDB15956244DE00E00335E00 /* waltograph42.ttf */ = {isa = PBXFileReference; lastKnownFileType = file; path = waltograph42.ttf; sourceTree = "<group>"; };
/* End PBXFileReference section */

/* Begin PBXFrameworksBuildPhase section */
		DDB15937244DD95700335E00 /* Frameworks */ = {
			isa = PBXFrameworksBuildPhase;
			buildActionMask = 2147483647;
			files = (
			);
			runOnlyForDeploymentPostprocessing = 0;
		};
/* End PBXFrameworksBuildPhase section */

/* Begin PBXGroup section */
		DDB15931244DD95700335E00 = {
			isa = PBXGroup;
			children = (
				DDB1593C244DD95700335E00 /* disneyApp */,
				DDB1593B244DD95700335E00 /* Products */,
			);
			sourceTree = "<group>";
		};
		DDB1593B244DD95700335E00 /* Products */ = {
			isa = PBXGroup;
			children = (
				DDB1593A244DD95700335E00 /* disneyApp.app */,
			);
			name = Products;
			sourceTree = "<group>";
		};
		DDB1593C244DD95700335E00 /* disneyApp */ = {
			isa = PBXGroup;
			children = (
				DDB15956244DE00E00335E00 /* waltograph42.ttf */,
				DDB1593D244DD95700335E00 /* AppDelegate.swift */,
				DDB1593F244DD95700335E00 /* SceneDelegate.swift */,
				DDB15941244DD95700335E00 /* ViewController.swift */,
				DDB15943244DD95700335E00 /* Main.storyboard */,
				DDB15946244DD95800335E00 /* Assets.xcassets */,
				DDB15948244DD95800335E00 /* LaunchScreen.storyboard */,
				DDB1594B244DD95800335E00 /* Info.plist */,
			);
			path = disneyApp;
			sourceTree = "<group>";
		};
/* End PBXGroup section */

/* Begin PBXNativeTarget section */
		DDB15939244DD95700335E00 /* disneyApp */ = {
			isa = PBXNativeTarget;
			buildConfigurationList = DDB1594E244DD95800335E00 /* Build configuration list for PBXNativeTarget "disneyApp" */;
			buildPhases = (
				DDB15936244DD95700335E00 /* Sources */,
				DDB15937244DD95700335E00 /* Frameworks */,
				DDB15938244DD95700335E00 /* Resources */,
			);
			buildRules = (
			);
			dependencies = (
			);
			name = disneyApp;
			productName = disneyApp;
			productReference = DDB1593A244DD95700335E00 /* disneyApp.app */;
			productType = "com.apple.product-type.application";
		};
/* End PBXNativeTarget section */

/* Begin PBXProject section */
		DDB15932244DD95700335E00 /* Project object */ = {
			isa = PBXProject;
			attributes = {
				LastSwiftUpdateCheck = 1140;
				LastUpgradeCheck = 1140;
				ORGANIZATIONNAME = "Ken Gassy";
				TargetAttributes = {
					DDB15939244DD95700335E00 = {
						CreatedOnToolsVersion = 11.4;
					};
				};
			};
			buildConfigurationList = DDB15935244DD95700335E00 /* Build configuration list for PBXProject "disneyApp" */;
			compatibilityVersion = "Xcode 9.3";
			developmentRegion = en;
			hasScannedForEncodings = 0;
			knownRegions = (
				en,
				Base,
			);
			mainGroup = DDB15931244DD95700335E00;
			productRefGroup = DDB1593B244DD95700335E00 /* Products */;
			projectDirPath = "";
			projectRoot = "";
			targets = (
				DDB15939244DD95700335E00 /* disneyApp */,
			);
		};
/* End PBXProject section */

/* Begin PBXResourcesBuildPhase section */
		DDB15938244DD95700335E00 /* Resources */ = {
			isa = PBXResourcesBuildPhase;
			buildActionMask = 2147483647;
			files = (
				DDB1594A244DD95800335E00 /* LaunchScreen.storyboard in Resources */,
				DDB15947244DD95800335E00 /* Assets.xcassets in Resources */,
				DDB15945244DD95700335E00 /* Main.storyboard in Resources */,
				DDB15957244DE00E00335E00 /* waltograph42.ttf in Resources */,
			);
			runOnlyForDeploymentPostprocessing = 0;
		};
/* End PBXResourcesBuildPhase section */

/* Begin PBXSourcesBuildPhase section */
		DDB15936244DD95700335E00 /* Sources */ = {
			isa = PBXSourcesBuildPhase;
			buildActionMask = 2147483647;
			files = (
				DDB15942244DD95700335E00 /* ViewController.swift in Sources */,
				DDB1593E244DD95700335E00 /* AppDelegate.swift in Sources */,
				DDB15940244DD95700335E00 /* SceneDelegate.swift in Sources */,
			);
			runOnlyForDeploymentPostprocessing = 0;
		};
/* End PBXSourcesBuildPhase section */

/* Begin PBXVariantGroup section */
		DDB15943244DD95700335E00 /* Main.storyboard */ = {
			isa = PBXVariantGroup;
			children = (
				DDB15944244DD95700335E00 /* Base */,
			);
			name = Main.storyboard;
			sourceTree = "<group>";
		};
		DDB15948244DD95800335E00 /* LaunchScreen.storyboard */ = {
			isa = PBXVariantGroup;
			children = (
				DDB15949244DD95800335E00 /* Base */,
			);
			name = LaunchScreen.storyboard;
			sourceTree = "<group>";
		};
/* End PBXVariantGroup section */

/* Begin XCBuildConfiguration section */
		DDB1594C244DD95800335E00 /* Debug */ = {
			isa = XCBuildConfiguration;
			buildSettings = {
				ALWAYS_SEARCH_USER_PATHS = NO;
				CLANG_ANALYZER_NONNULL = YES;
				CLANG_ANALYZER_NUMBER_OBJECT_CONVERSION = YES_AGGRESSIVE;
				CLANG_CXX_LANGUAGE_STANDARD = "gnu++14";
				CLANG_CXX_LIBRARY = "libc++";
				CLANG_ENABLE_MODULES = YES;
				CLANG_ENABLE_OBJC_ARC = YES;
				CLANG_ENABLE_OBJC_WEAK = YES;
				CLANG_WARN_BLOCK_CAPTURE_AUTORELEASING = YES;
				CLANG_WARN_BOOL_CONVERSION = YES;
				CLANG_WARN_COMMA = YES;
				CLANG_WARN_CONSTANT_CONVERSION = YES;
				CLANG_WARN_DEPRECATED_OBJC_IMPLEMENTATIONS = YES;
				CLANG_WARN_DIRECT_OBJC_ISA_USAGE = YES_ERROR;
				CLANG_WARN_DOCUMENTATION_COMMENTS = YES;
				CLANG_WARN_EMPTY_BODY = YES;
				CLANG_WARN_ENUM_CONVERSION = YES;
				CLANG_WARN_INFINITE_RECURSION = YES;
				CLANG_WARN_INT_CONVERSION = YES;
				CLANG_WARN_NON_LITERAL_NULL_CONVERSION = YES;
				CLANG_WARN_OBJC_IMPLICIT_RETAIN_SELF = YES;
				CLANG_WARN_OBJC_LITERAL_CONVERSION = YES;
				CLANG_WARN_OBJC_ROOT_CLASS = YES_ERROR;
				CLANG_WARN_RANGE_LOOP_ANALYSIS = YES;
				CLANG_WARN_STRICT_PROTOTYPES = YES;
				CLANG_WARN_SUSPICIOUS_MOVE = YES;
				CLANG_WARN_UNGUARDED_AVAILABILITY = YES_AGGRESSIVE;
				CLANG_WARN_UNREACHABLE_CODE = YES;
				CLANG_WARN__DUPLICATE_METHOD_MATCH = YES;
				COPY_PHASE_STRIP = NO;
				DEBUG_INFORMATION_FORMAT = dwarf;
				ENABLE_STRICT_OBJC_MSGSEND = YES;
				ENABLE_TESTABILITY = YES;
				GCC_C_LANGUAGE_STANDARD = gnu11;
				GCC_DYNAMIC_NO_PIC = NO;
				GCC_NO_COMMON_BLOCKS = YES;
				GCC_OPTIMIZATION_LEVEL = 0;
				GCC_PREPROCESSOR_DEFINITIONS = (
					"DEBUG=1",
					"$(inherited)",
				);
				GCC_WARN_64_TO_32_BIT_CONVERSION = YES;
				GCC_WARN_ABOUT_RETURN_TYPE = YES_ERROR;
				GCC_WARN_UNDECLARED_SELECTOR = YES;
				GCC_WARN_UNINITIALIZED_AUTOS = YES_AGGRESSIVE;
				GCC_WARN_UNUSED_FUNCTION = YES;
				GCC_WARN_UNUSED_VARIABLE = YES;
				IPHONEOS_DEPLOYMENT_TARGET = 13.4;
				MTL_ENABLE_DEBUG_INFO = INCLUDE_SOURCE;
				MTL_FAST_MATH = YES;
				ONLY_ACTIVE_ARCH = YES;
				SDKROOT = iphoneos;
				SWIFT_ACTIVE_COMPILATION_CONDITIONS = DEBUG;
				SWIFT_OPTIMIZATION_LEVEL = "-Onone";
			};
			name = Debug;
		};
		DDB1594D244DD95800335E00 /* Release */ = {
			isa = XCBuildConfiguration;
			buildSettings = {
				ALWAYS_SEARCH_USER_PATHS = NO;
				CLANG_ANALYZER_NONNULL = YES;
				CLANG_ANALYZER_NUMBER_OBJECT_CONVERSION = YES_AGGRESSIVE;
				CLANG_CXX_LANGUAGE_STANDARD = "gnu++14";
				CLANG_CXX_LIBRARY = "libc++";
				CLANG_ENABLE_MODULES = YES;
				CLANG_ENABLE_OBJC_ARC = YES;
				CLANG_ENABLE_OBJC_WEAK = YES;
				CLANG_WARN_BLOCK_CAPTURE_AUTORELEASING = YES;
				CLANG_WARN_BOOL_CONVERSION = YES;
				CLANG_WARN_COMMA = YES;
				CLANG_WARN_CONSTANT_CONVERSION = YES;
				CLANG_WARN_DEPRECATED_OBJC_IMPLEMENTATIONS = YES;
				CLANG_WARN_DIRECT_OBJC_ISA_USAGE = YES_ERROR;
				CLANG_WARN_DOCUMENTATION_COMMENTS = YES;
				CLANG_WARN_EMPTY_BODY = YES;
				CLANG_WARN_ENUM_CONVERSION = YES;
				CLANG_WARN_INFINITE_RECURSION = YES;
				CLANG_WARN_INT_CONVERSION = YES;
				CLANG_WARN_NON_LITERAL_NULL_CONVERSION = YES;
				CLANG_WARN_OBJC_IMPLICIT_RETAIN_SELF = YES;
				CLANG_WARN_OBJC_LITERAL_CONVERSION = YES;
				CLANG_WARN_OBJC_ROOT_CLASS = YES_ERROR;
				CLANG_WARN_RANGE_LOOP_ANALYSIS = YES;
				CLANG_WARN_STRICT_PROTOTYPES = YES;
				CLANG_WARN_SUSPICIOUS_MOVE = YES;
				CLANG_WARN_UNGUARDED_AVAILABILITY = YES_AGGRESSIVE;
				CLANG_WARN_UNREACHABLE_CODE = YES;
				CLANG_WARN__DUPLICATE_METHOD_MATCH = YES;
				COPY_PHASE_STRIP = NO;
				DEBUG_INFORMATION_FORMAT = "dwarf-with-dsym";
				ENABLE_NS_ASSERTIONS = NO;
				ENABLE_STRICT_OBJC_MSGSEND = YES;
				GCC_C_LANGUAGE_STANDARD = gnu11;
				GCC_NO_COMMON_BLOCKS = YES;
				GCC_WARN_64_TO_32_BIT_CONVERSION = YES;
				GCC_WARN_ABOUT_RETURN_TYPE = YES_ERROR;
				GCC_WARN_UNDECLARED_SELECTOR = YES;
				GCC_WARN_UNINITIALIZED_AUTOS = YES_AGGRESSIVE;
				GCC_WARN_UNUSED_FUNCTION = YES;
				GCC_WARN_UNUSED_VARIABLE = YES;
				IPHONEOS_DEPLOYMENT_TARGET = 13.4;
				MTL_ENABLE_DEBUG_INFO = NO;
				MTL_FAST_MATH = YES;
				SDKROOT = iphoneos;
				SWIFT_COMPILATION_MODE = wholemodule;
				SWIFT_OPTIMIZATION_LEVEL = "-O";
				VALIDATE_PRODUCT = YES;
			};
			name = Release;
		};
		DDB1594F244DD95800335E00 /* Debug */ = {
			isa = XCBuildConfiguration;
			buildSettings = {
				ASSETCATALOG_COMPILER_APPICON_NAME = AppIcon;
				CODE_SIGN_STYLE = Automatic;
				DEVELOPMENT_TEAM = SLG9525V5U;
				INFOPLIST_FILE = disneyApp/Info.plist;
				LD_RUNPATH_SEARCH_PATHS = (
					"$(inherited)",
					"@executable_path/Frameworks",
				);
				PRODUCT_BUNDLE_IDENTIFIER = fr.gassy.demo.disneyApp;
				PRODUCT_NAME = "$(TARGET_NAME)";
				SWIFT_VERSION = 5.0;
				TARGETED_DEVICE_FAMILY = "1,2";
			};
			name = Debug;
		};
		DDB15950244DD95800335E00 /* Release */ = {
			isa = XCBuildConfiguration;
			buildSettings = {
				ASSETCATALOG_COMPILER_APPICON_NAME = AppIcon;
				CODE_SIGN_STYLE = Automatic;
				DEVELOPMENT_TEAM = SLG9525V5U;
				INFOPLIST_FILE = disneyApp/Info.plist;
				LD_RUNPATH_SEARCH_PATHS = (
					"$(inherited)",
					"@executable_path/Frameworks",
				);
				PRODUCT_BUNDLE_IDENTIFIER = fr.gassy.demo.disneyApp;
				PRODUCT_NAME = "$(TARGET_NAME)";
				SWIFT_VERSION = 5.0;
				TARGETED_DEVICE_FAMILY = "1,2";
			};
			name = Release;
		};
/* End XCBuildConfiguration section */

/* Begin XCConfigurationList section */
		DDB15935244DD95700335E00 /* Build configuration list for PBXProject "disneyApp" */ = {
			isa = XCConfigurationList;
			buildConfigurations = (
				DDB1594C244DD95800335E00 /* Debug */,
				DDB1594D244DD95800335E00 /* Release */,
			);
			defaultConfigurationIsVisible = 0;
			defaultConfigurationName = Release;
		};
		DDB1594E244DD95800335E00 /* Build configuration list for PBXNativeTarget "disneyApp" */ = {
			isa = XCConfigurationList;
			buildConfigurations = (
				DDB1594F244DD95800335E00 /* Debug */,
				DDB15950244DD95800335E00 /* Release */,
			);
			defaultConfigurationIsVisible = 0;
			defaultConfigurationName = Release;
		};
/* End XCConfigurationList section */
	};
	rootObject = DDB15932244DD95700335E00 /* Project object */;
}
